
Microsoft Visual Studio Solution File, Format Version 12.00
# Visual Studio Version 16
VisualStudioVersion = 16.0.31112.23
MinimumVisualStudioVersion = 10.0.40219.1
Project("{9A19103F-16F7-4668-BE54-9A1E7A4F7556}") = "LinqSample", "LinqSample\LinqSample.csproj", "{86821BB9-04F7-4AE1-977D-E9C977E15F2F}"
EndProject
Project("{9A19103F-16F7-4668-BE54-9A1E7A4F7556}") = "SqlSample", "SqlSample\SqlSample.csproj", "{E8F2A5D9-E847-468F-9D6F-0AD9E1CE9949}"
EndProject
Project("{FAE04EC0-301F-11D3-BF4B-00C04F79EFBC}") = "LoopsSample", "LoopsSample\LoopsSample.csproj", "{7F76DC3C-53AE-4AC7-9491-87E86FAB3E9E}"
EndProject
Project("{FAE04EC0-301F-11D3-BF4B-00C04F79EFBC}") = "LoweringSample", "LoweringSample\LoweringSample.csproj", "{E1ECF681-855D-4864-A76C-550DD7307E65}"
EndProject
Global
	GlobalSection(SolutionConfigurationPlatforms) = preSolution
		Debug|Any CPU = Debug|Any CPU
		Release|Any CPU = Release|Any CPU
	EndGlobalSection
	GlobalSection(ProjectConfigurationPlatforms) = postSolution
		{86821BB9-04F7-4AE1-977D-E9C977E15F2F}.Debug|Any CPU.ActiveCfg = Debug|Any CPU
		{86821BB9-04F7-4AE1-977D-E9C977E15F2F}.Debug|Any CPU.Build.0 = Debug|Any CPU
		{86821BB9-04F7-4AE1-977D-E9C977E15F2F}.Release|Any CPU.ActiveCfg = Release|Any CPU
		{86821BB9-04F7-4AE1-977D-E9C977E15F2F}.Release|Any CPU.Build.0 = Release|Any CPU
		{E8F2A5D9-E847-468F-9D6F-0AD9E1CE9949}.Debug|Any CPU.ActiveCfg = Debug|Any CPU
		{E8F2A5D9-E847-468F-9D6F-0AD9E1CE9949}.Debug|Any CPU.Build.0 = Debug|Any CPU
		{E8F2A5D9-E847-468F-9D6F-0AD9E1CE9949}.Release|Any CPU.ActiveCfg = Release|Any CPU
		{E8F2A5D9-E847-468F-9D6F-0AD9E1CE9949}.Release|Any CPU.Build.0 = Release|Any CPU
		{7F76DC3C-53AE-4AC7-9491-87E86FAB3E9E}.Debug|Any CPU.ActiveCfg = Debug|Any CPU
		{7F76DC3C-53AE-4AC7-9491-87E86FAB3E9E}.Debug|Any CPU.Build.0 = Debug|Any CPU
		{7F76DC3C-53AE-4AC7-9491-87E86FAB3E9E}.Release|Any CPU.ActiveCfg = Release|Any CPU
		{7F76DC3C-53AE-4AC7-9491-87E86FAB3E9E}.Release|Any CPU.Build.0 = Release|Any CPU
		{E1ECF681-855D-4864-A76C-550DD7307E65}.Debug|Any CPU.ActiveCfg = Debug|Any CPU
		{E1ECF681-855D-4864-A76C-550DD7307E65}.Debug|Any CPU.Build.0 = Debug|Any CPU
		{E1ECF681-855D-4864-A76C-550DD7307E65}.Release|Any CPU.ActiveCfg = Release|Any CPU
		{E1ECF681-855D-4864-A76C-550DD7307E65}.Release|Any CPU.Build.0 = Release|Any CPU
	EndGlobalSection
	GlobalSection(SolutionProperties) = preSolution
		HideSolutionNode = FALSE
	EndGlobalSection
	GlobalSection(ExtensibilityGlobals) = postSolution
		SolutionGuid = {16B876F1-DE1A-40B4-906A-4F899825A4E0}
	EndGlobalSection
EndGlobal
